// !$*UTF8*$!
{
	archiveVersion = 1;
	classes = {
	};
	objectVersion = 48;
	objects = {

/* Begin PBXBuildFile section */
		34F581C92075ED520033CA01 /* AppDelegate.swift in Sources */ = {isa = PBXBuildFile; fileRef = 34F581C82075ED520033CA01 /* AppDelegate.swift */; };
		34F581CB2075ED520033CA01 /* ViewController.swift in Sources */ = {isa = PBXBuildFile; fileRef = 34F581CA2075ED520033CA01 /* ViewController.swift */; };
		34F581CE2075ED520033CA01 /* Main.storyboard in Resources */ = {isa = PBXBuildFile; fileRef = 34F581CC2075ED520033CA01 /* Main.storyboard */; };
		34F581D02075ED520033CA01 /* Assets.xcassets in Resources */ = {isa = PBXBuildFile; fileRef = 34F581CF2075ED520033CA01 /* Assets.xcassets */; };
		34F581D32075ED520033CA01 /* LaunchScreen.storyboard in Resources */ = {isa = PBXBuildFile; fileRef = 34F581D12075ED520033CA01 /* LaunchScreen.storyboard */; };
		34F581E02075ED840033CA01 /* frame3.png in Resources */ = {isa = PBXBuildFile; fileRef = 34F581DB2075ED830033CA01 /* frame3.png */; };
		34F581E12075ED840033CA01 /* frame1.png in Resources */ = {isa = PBXBuildFile; fileRef = 34F581DC2075ED830033CA01 /* frame1.png */; };
		34F581E22075ED840033CA01 /* frame4.png in Resources */ = {isa = PBXBuildFile; fileRef = 34F581DD2075ED830033CA01 /* frame4.png */; };
		34F581E32075ED840033CA01 /* frame5.png in Resources */ = {isa = PBXBuildFile; fileRef = 34F581DE2075ED840033CA01 /* frame5.png */; };
		34F581E42075ED840033CA01 /* frame2.png in Resources */ = {isa = PBXBuildFile; fileRef = 34F581DF2075ED840033CA01 /* frame2.png */; };
/* End PBXBuildFile section */

/* Begin PBXFileReference section */
		34F581C52075ED520033CA01 /* alien timer view.app */ = {isa = PBXFileReference; explicitFileType = wrapper.application; includeInIndex = 0; path = "alien timer view.app"; sourceTree = BUILT_PRODUCTS_DIR; };
		34F581C82075ED520033CA01 /* AppDelegate.swift */ = {isa = PBXFileReference; lastKnownFileType = sourcecode.swift; path = AppDelegate.swift; sourceTree = "<group>"; };
		34F581CA2075ED520033CA01 /* ViewController.swift */ = {isa = PBXFileReference; lastKnownFileType = sourcecode.swift; path = ViewController.swift; sourceTree = "<group>"; };
		34F581CD2075ED520033CA01 /* Base */ = {isa = PBXFileReference; lastKnownFileType = file.storyboard; name = Base; path = Base.lproj/Main.storyboard; sourceTree = "<group>"; };
		34F581CF2075ED520033CA01 /* Assets.xcassets */ = {isa = PBXFileReference; lastKnownFileType = folder.assetcatalog; path = Assets.xcassets; sourceTree = "<group>"; };
		34F581D22075ED520033CA01 /* Base */ = {isa = PBXFileReference; lastKnownFileType = file.storyboard; name = Base; path = Base.lproj/LaunchScreen.storyboard; sourceTree = "<group>"; };
		34F581D42075ED520033CA01 /* Info.plist */ = {isa = PBXFileReference; lastKnownFileType = text.plist.xml; path = Info.plist; sourceTree = "<group>"; };
		34F581DB2075ED830033CA01 /* frame3.png */ = {isa = PBXFileReference; lastKnownFileType = image.png; path = frame3.png; sourceTree = "<group>"; };
		34F581DC2075ED830033CA01 /* frame1.png */ = {isa = PBXFileReference; lastKnownFileType = image.png; path = frame1.png; sourceTree = "<group>"; };
		34F581DD2075ED830033CA01 /* frame4.png */ = {isa = PBXFileReference; lastKnownFileType = image.png; path = frame4.png; sourceTree = "<group>"; };
		34F581DE2075ED840033CA01 /* frame5.png */ = {isa = PBXFileReference; lastKnownFileType = image.png; path = frame5.png; sourceTree = "<group>"; };
		34F581DF2075ED840033CA01 /* frame2.png */ = {isa = PBXFileReference; lastKnownFileType = image.png; path = frame2.png; sourceTree = "<group>"; };
/* End PBXFileReference section */

/* Begin PBXFrameworksBuildPhase section */
		34F581C22075ED520033CA01 /* Frameworks */ = {
			isa = PBXFrameworksBuildPhase;
			buildActionMask = 2147483647;
			files = (
			);
			runOnlyForDeploymentPostprocessing = 0;
		};
/* End PBXFrameworksBuildPhase section */

/* Begin PBXGroup section */
		34F581BC2075ED520033CA01 = {
			isa = PBXGroup;
			children = (
				34F581C72075ED520033CA01 /* alien timer view */,
				34F581C62075ED520033CA01 /* Products */,
			);
			sourceTree = "<group>";
		};
		34F581C62075ED520033CA01 /* Products */ = {
			isa = PBXGroup;
			children = (
				34F581C52075ED520033CA01 /* alien timer view.app */,
			);
			name = Products;
			sourceTree = "<group>";
		};
		34F581C72075ED520033CA01 /* alien timer view */ = {
			isa = PBXGroup;
			children = (
				34F581DA2075ED6D0033CA01 /* New Group */,
				34F581C82075ED520033CA01 /* AppDelegate.swift */,
				34F581CA2075ED520033CA01 /* ViewController.swift */,
				34F581CC2075ED520033CA01 /* Main.storyboard */,
				34F581CF2075ED520033CA01 /* Assets.xcassets */,
				34F581D12075ED520033CA01 /* LaunchScreen.storyboard */,
				34F581D42075ED520033CA01 /* Info.plist */,
			);
			path = "alien timer view";
			sourceTree = "<group>";
		};
		34F581DA2075ED6D0033CA01 /* New Group */ = {
			isa = PBXGroup;
			children = (
				34F581DC2075ED830033CA01 /* frame1.png */,
				34F581DF2075ED840033CA01 /* frame2.png */,
				34F581DB2075ED830033CA01 /* frame3.png */,
				34F581DD2075ED830033CA01 /* frame4.png */,
				34F581DE2075ED840033CA01 /* frame5.png */,
			);
			path = "New Group";
			sourceTree = "<group>";
		};
/* End PBXGroup section */

/* Begin PBXNativeTarget section */
		34F581C42075ED520033CA01 /* alien timer view */ = {
			isa = PBXNativeTarget;
			buildConfigurationList = 34F581D72075ED520033CA01 /* Build configuration list for PBXNativeTarget "alien timer view" */;
			buildPhases = (
				34F581C12075ED520033CA01 /* Sources */,
				34F581C22075ED520033CA01 /* Frameworks */,
				34F581C32075ED520033CA01 /* Resources */,
			);
			buildRules = (
			);
			dependencies = (
			);
			name = "alien timer view";
			productName = "alien timer view";
			productReference = 34F581C52075ED520033CA01 /* alien timer view.app */;
			productType = "com.apple.product-type.application";
		};
/* End PBXNativeTarget section */

/* Begin PBXProject section */
		34F581BD2075ED520033CA01 /* Project object */ = {
			isa = PBXProject;
			attributes = {
				LastSwiftUpdateCheck = 0920;
				LastUpgradeCheck = 0920;
				ORGANIZATIONNAME = "김영석";
				TargetAttributes = {
					34F581C42075ED520033CA01 = {
						CreatedOnToolsVersion = 9.2;
						ProvisioningStyle = Automatic;
					};
				};
			};
			buildConfigurationList = 34F581C02075ED520033CA01 /* Build configuration list for PBXProject "alien timer view" */;
			compatibilityVersion = "Xcode 8.0";
			developmentRegion = en;
			hasScannedForEncodings = 0;
			knownRegions = (
				en,
				Base,
			);
			mainGroup = 34F581BC2075ED520033CA01;
			productRefGroup = 34F581C62075ED520033CA01 /* Products */;
			projectDirPath = "";
			projectRoot = "";
			targets = (
				34F581C42075ED520033CA01 /* alien timer view */,
			);
		};
/* End PBXProject section */

/* Begin PBXResourcesBuildPhase section */
		34F581C32075ED520033CA01 /* Resources */ = {
			isa = PBXResourcesBuildPhase;
			buildActionMask = 2147483647;
			files = (
				34F581E22075ED840033CA01 /* frame4.png in Resources */,
				34F581E32075ED840033CA01 /* frame5.png in Resources */,
				34F581E42075ED840033CA01 /* frame2.png in Resources */,
				34F581E12075ED840033CA01 /* frame1.png in Resources */,
				34F581D32075ED520033CA01 /* LaunchScreen.storyboard in Resources */,
				34F581D02075ED520033CA01 /* Assets.xcassets in Resources */,
				34F581CE2075ED520033CA01 /* Main.storyboard in Resources */,
				34F581E02075ED840033CA01 /* frame3.png in Resources */,
			);
			runOnlyForDeploymentPostprocessing = 0;
		};
/* End PBXResourcesBuildPhase section */

/* Begin PBXSourcesBuildPhase section */
		34F581C12075ED520033CA01 /* Sources */ = {
			isa = PBXSourcesBuildPhase;
			buildActionMask = 2147483647;
			files = (
				34F581CB2075ED520033CA01 /* ViewController.swift in Sources */,
				34F581C92075ED520033CA01 /* AppDelegate.swift in Sources */,
			);
			runOnlyForDeploymentPostprocessing = 0;
		};
/* End PBXSourcesBuildPhase section */

/* Begin PBXVariantGroup section */
		34F581CC2075ED520033CA01 /* Main.storyboard */ = {
			isa = PBXVariantGroup;
			children = (
				34F581CD2075ED520033CA01 /* Base */,
			);
			name = Main.storyboard;
			sourceTree = "<group>";
		};
		34F581D12075ED520033CA01 /* LaunchScreen.storyboard */ = {
			isa = PBXVariantGroup;
			children = (
				34F581D22075ED520033CA01 /* Base */,
			);
			name = LaunchScreen.storyboard;
			sourceTree = "<group>";
		};
/* End PBXVariantGroup section */

/* Begin XCBuildConfiguration section */
		34F581D52075ED520033CA01 /* Debug */ = {
			isa = XCBuildConfiguration;
			buildSettings = {
				ALWAYS_SEARCH_USER_PATHS = NO;
				CLANG_ANALYZER_NONNULL = YES;
				CLANG_ANALYZER_NUMBER_OBJECT_CONVERSION = YES_AGGRESSIVE;
				CLANG_CXX_LANGUAGE_STANDARD = "gnu++14";
				CLANG_CXX_LIBRARY = "libc++";
				CLANG_ENABLE_MODULES = YES;
				CLANG_ENABLE_OBJC_ARC = YES;
				CLANG_WARN_BLOCK_CAPTURE_AUTORELEASING = YES;
				CLANG_WARN_BOOL_CONVERSION = YES;
				CLANG_WARN_COMMA = YES;
				CLANG_WARN_CONSTANT_CONVERSION = YES;
				CLANG_WARN_DIRECT_OBJC_ISA_USAGE = YES_ERROR;
				CLANG_WARN_DOCUMENTATION_COMMENTS = YES;
				CLANG_WARN_EMPTY_BODY = YES;
				CLANG_WARN_ENUM_CONVERSION = YES;
				CLANG_WARN_INFINITE_RECURSION = YES;
				CLANG_WARN_INT_CONVERSION = YES;
				CLANG_WARN_NON_LITERAL_NULL_CONVERSION = YES;
				CLANG_WARN_OBJC_LITERAL_CONVERSION = YES;
				CLANG_WARN_OBJC_ROOT_CLASS = YES_ERROR;
				CLANG_WARN_RANGE_LOOP_ANALYSIS = YES;
				CLANG_WARN_STRICT_PROTOTYPES = YES;
				CLANG_WARN_SUSPICIOUS_MOVE = YES;
				CLANG_WARN_UNGUARDED_AVAILABILITY = YES_AGGRESSIVE;
				CLANG_WARN_UNREACHABLE_CODE = YES;
				CLANG_WARN__DUPLICATE_METHOD_MATCH = YES;
				CODE_SIGN_IDENTITY = "iPhone Developer";
				COPY_PHASE_STRIP = NO;
				DEBUG_INFORMATION_FORMAT = dwarf;
				ENABLE_STRICT_OBJC_MSGSEND = YES;
				ENABLE_TESTABILITY = YES;
				GCC_C_LANGUAGE_STANDARD = gnu11;
				GCC_DYNAMIC_NO_PIC = NO;
				GCC_NO_COMMON_BLOCKS = YES;
				GCC_OPTIMIZATION_LEVEL = 0;
				GCC_PREPROCESSOR_DEFINITIONS = (
					"DEBUG=1",
					"$(inherited)",
				);
				GCC_WARN_64_TO_32_BIT_CONVERSION = YES;
				GCC_WARN_ABOUT_RETURN_TYPE = YES_ERROR;
				GCC_WARN_UNDECLARED_SELECTOR = YES;
				GCC_WARN_UNINITIALIZED_AUTOS = YES_AGGRESSIVE;
				GCC_WARN_UNUSED_FUNCTION = YES;
				GCC_WARN_UNUSED_VARIABLE = YES;
				IPHONEOS_DEPLOYMENT_TARGET = 11.2;
				MTL_ENABLE_DEBUG_INFO = YES;
				ONLY_ACTIVE_ARCH = YES;
				SDKROOT = iphoneos;
				SWIFT_ACTIVE_COMPILATION_CONDITIONS = DEBUG;
				SWIFT_OPTIMIZATION_LEVEL = "-Onone";
			};
			name = Debug;
		};
		34F581D62075ED520033CA01 /* Release */ = {
			isa = XCBuildConfiguration;
			buildSettings = {
				ALWAYS_SEARCH_USER_PATHS = NO;
				CLANG_ANALYZER_NONNULL = YES;
				CLANG_ANALYZER_NUMBER_OBJECT_CONVERSION = YES_AGGRESSIVE;
				CLANG_CXX_LANGUAGE_STANDARD = "gnu++14";
				CLANG_CXX_LIBRARY = "libc++";
				CLANG_ENABLE_MODULES = YES;
				CLANG_ENABLE_OBJC_ARC = YES;
				CLANG_WARN_BLOCK_CAPTURE_AUTORELEASING = YES;
				CLANG_WARN_BOOL_CONVERSION = YES;
				CLANG_WARN_COMMA = YES;
				CLANG_WARN_CONSTANT_CONVERSION = YES;
				CLANG_WARN_DIRECT_OBJC_ISA_USAGE = YES_ERROR;
				CLANG_WARN_DOCUMENTATION_COMMENTS = YES;
				CLANG_WARN_EMPTY_BODY = YES;
				CLANG_WARN_ENUM_CONVERSION = YES;
				CLANG_WARN_INFINITE_RECURSION = YES;
				CLANG_WARN_INT_CONVERSION = YES;
				CLANG_WARN_NON_LITERAL_NULL_CONVERSION = YES;
				CLANG_WARN_OBJC_LITERAL_CONVERSION = YES;
				CLANG_WARN_OBJC_ROOT_CLASS = YES_ERROR;
				CLANG_WARN_RANGE_LOOP_ANALYSIS = YES;
				CLANG_WARN_STRICT_PROTOTYPES = YES;
				CLANG_WARN_SUSPICIOUS_MOVE = YES;
				CLANG_WARN_UNGUARDED_AVAILABILITY = YES_AGGRESSIVE;
				CLANG_WARN_UNREACHABLE_CODE = YES;
				CLANG_WARN__DUPLICATE_METHOD_MATCH = YES;
				CODE_SIGN_IDENTITY = "iPhone Developer";
				COPY_PHASE_STRIP = NO;
				DEBUG_INFORMATION_FORMAT = "dwarf-with-dsym";
				ENABLE_NS_ASSERTIONS = NO;
				ENABLE_STRICT_OBJC_MSGSEND = YES;
				GCC_C_LANGUAGE_STANDARD = gnu11;
				GCC_NO_COMMON_BLOCKS = YES;
				GCC_WARN_64_TO_32_BIT_CONVERSION = YES;
				GCC_WARN_ABOUT_RETURN_TYPE = YES_ERROR;
				GCC_WARN_UNDECLARED_SELECTOR = YES;
				GCC_WARN_UNINITIALIZED_AUTOS = YES_AGGRESSIVE;
				GCC_WARN_UNUSED_FUNCTION = YES;
				GCC_WARN_UNUSED_VARIABLE = YES;
				IPHONEOS_DEPLOYMENT_TARGET = 11.2;
				MTL_ENABLE_DEBUG_INFO = NO;
				SDKROOT = iphoneos;
				SWIFT_OPTIMIZATION_LEVEL = "-Owholemodule";
				VALIDATE_PRODUCT = YES;
			};
			name = Release;
		};
		34F581D82075ED520033CA01 /* Debug */ = {
			isa = XCBuildConfiguration;
			buildSettings = {
				ASSETCATALOG_COMPILER_APPICON_NAME = AppIcon;
				CODE_SIGN_STYLE = Automatic;
				INFOPLIST_FILE = "alien timer view/Info.plist";
				LD_RUNPATH_SEARCH_PATHS = "$(inherited) @executable_path/Frameworks";
				PRODUCT_BUNDLE_IDENTIFIER = "dit.ac.kr.alien-timer-view";
				PRODUCT_NAME = "$(TARGET_NAME)";
				SWIFT_VERSION = 4.0;
				TARGETED_DEVICE_FAMILY = "1,2";
			};
			name = Debug;
		};
		34F581D92075ED520033CA01 /* Release */ = {
			isa = XCBuildConfiguration;
			buildSettings = {
				ASSETCATALOG_COMPILER_APPICON_NAME = AppIcon;
				CODE_SIGN_STYLE = Automatic;
				INFOPLIST_FILE = "alien timer view/Info.plist";
				LD_RUNPATH_SEARCH_PATHS = "$(inherited) @executable_path/Frameworks";
				PRODUCT_BUNDLE_IDENTIFIER = "dit.ac.kr.alien-timer-view";
				PRODUCT_NAME = "$(TARGET_NAME)";
				SWIFT_VERSION = 4.0;
				TARGETED_DEVICE_FAMILY = "1,2";
			};
			name = Release;
		};
/* End XCBuildConfiguration section */

/* Begin XCConfigurationList section */
		34F581C02075ED520033CA01 /* Build configuration list for PBXProject "alien timer view" */ = {
			isa = XCConfigurationList;
			buildConfigurations = (
				34F581D52075ED520033CA01 /* Debug */,
				34F581D62075ED520033CA01 /* Release */,
			);
			defaultConfigurationIsVisible = 0;
			defaultConfigurationName = Release;
		};
		34F581D72075ED520033CA01 /* Build configuration list for PBXNativeTarget "alien timer view" */ = {
			isa = XCConfigurationList;
			buildConfigurations = (
				34F581D82075ED520033CA01 /* Debug */,
				34F581D92075ED520033CA01 /* Release */,
			);
			defaultConfigurationIsVisible = 0;
			defaultConfigurationName = Release;
		};
/* End XCConfigurationList section */
	};
	rootObject = 34F581BD2075ED520033CA01 /* Project object */;
}
